
Microsoft Visual Studio Solution File, Format Version 12.00
# Visual Studio Version 17
VisualStudioVersion = 17.7.34031.279
MinimumVisualStudioVersion = 10.0.40219.1
Project("{9A19103F-16F7-4668-BE54-9A1E7A4F7556}") = "Lab01Apirestl", "Lab01Apirestl\Lab01Apirestl.csproj", "{81875C08-FAFC-4D1F-A7C6-9EB106C3041B}"
EndProject
Project("{FAE04EC0-301F-11D3-BF4B-00C04F79EFBC}") = "Contracts", "Contracts\Contracts.csproj", "{DAC0F663-716B-48E3-BF95-FC5BFF23A6FF}"
EndProject
Project("{FAE04EC0-301F-11D3-BF4B-00C04F79EFBC}") = "LoggerService", "LoggerService\LoggerService.csproj", "{6A8913DA-2ECD-44CF-AAE0-9B091893D788}"
EndProject
Project("{FAE04EC0-301F-11D3-BF4B-00C04F79EFBC}") = "Entities", "Entities\Entities.csproj", "{528141F3-2274-4193-9DC9-CD330DFC4D2F}"
EndProject
Project("{FAE04EC0-301F-11D3-BF4B-00C04F79EFBC}") = "Repository", "Repository\Repository.csproj", "{8305596A-49CC-4FE4-920C-B24FB4D97BAC}"
EndProject
Project("{FAE04EC0-301F-11D3-BF4B-00C04F79EFBC}") = "Service.Contracts", "Service.Contracts\Service.Contracts.csproj", "{C8E7DB9F-D5BA-4E51-B35C-C95FF86DB85A}"
EndProject
Project("{FAE04EC0-301F-11D3-BF4B-00C04F79EFBC}") = "Service", "Service,\Service.csproj", "{06AD23F1-1C1B-4A2F-AB44-3CE94B6041AC}"
EndProject
Project("{FAE04EC0-301F-11D3-BF4B-00C04F79EFBC}") = "CompanyEmployee.Presentation", "CompanyEmployee.Presentation\CompanyEmployee.Presentation.csproj", "{C7882B1D-301D-473B-A668-99996C638ADA}"
EndProject
Project("{FAE04EC0-301F-11D3-BF4B-00C04F79EFBC}") = "Shared", "Shared\Shared.csproj", "{4A9A6A17-0E9B-4FBC-9ED8-27136A2C32A2}"
EndProject
Global
	GlobalSection(SolutionConfigurationPlatforms) = preSolution
		Debug|Any CPU = Debug|Any CPU
		Release|Any CPU = Release|Any CPU
	EndGlobalSection
	GlobalSection(ProjectConfigurationPlatforms) = postSolution
		{81875C08-FAFC-4D1F-A7C6-9EB106C3041B}.Debug|Any CPU.ActiveCfg = Debug|Any CPU
		{81875C08-FAFC-4D1F-A7C6-9EB106C3041B}.Debug|Any CPU.Build.0 = Debug|Any CPU
		{81875C08-FAFC-4D1F-A7C6-9EB106C3041B}.Release|Any CPU.ActiveCfg = Release|Any CPU
		{81875C08-FAFC-4D1F-A7C6-9EB106C3041B}.Release|Any CPU.Build.0 = Release|Any CPU
		{DAC0F663-716B-48E3-BF95-FC5BFF23A6FF}.Debug|Any CPU.ActiveCfg = Debug|Any CPU
		{DAC0F663-716B-48E3-BF95-FC5BFF23A6FF}.Debug|Any CPU.Build.0 = Debug|Any CPU
		{DAC0F663-716B-48E3-BF95-FC5BFF23A6FF}.Release|Any CPU.ActiveCfg = Release|Any CPU
		{DAC0F663-716B-48E3-BF95-FC5BFF23A6FF}.Release|Any CPU.Build.0 = Release|Any CPU
		{6A8913DA-2ECD-44CF-AAE0-9B091893D788}.Debug|Any CPU.ActiveCfg = Debug|Any CPU
		{6A8913DA-2ECD-44CF-AAE0-9B091893D788}.Debug|Any CPU.Build.0 = Debug|Any CPU
		{6A8913DA-2ECD-44CF-AAE0-9B091893D788}.Release|Any CPU.ActiveCfg = Release|Any CPU
		{6A8913DA-2ECD-44CF-AAE0-9B091893D788}.Release|Any CPU.Build.0 = Release|Any CPU
		{528141F3-2274-4193-9DC9-CD330DFC4D2F}.Debug|Any CPU.ActiveCfg = Debug|Any CPU
		{528141F3-2274-4193-9DC9-CD330DFC4D2F}.Debug|Any CPU.Build.0 = Debug|Any CPU
		{528141F3-2274-4193-9DC9-CD330DFC4D2F}.Release|Any CPU.ActiveCfg = Release|Any CPU
		{528141F3-2274-4193-9DC9-CD330DFC4D2F}.Release|Any CPU.Build.0 = Release|Any CPU
		{8305596A-49CC-4FE4-920C-B24FB4D97BAC}.Debug|Any CPU.ActiveCfg = Debug|Any CPU
		{8305596A-49CC-4FE4-920C-B24FB4D97BAC}.Debug|Any CPU.Build.0 = Debug|Any CPU
		{8305596A-49CC-4FE4-920C-B24FB4D97BAC}.Release|Any CPU.ActiveCfg = Release|Any CPU
		{8305596A-49CC-4FE4-920C-B24FB4D97BAC}.Release|Any CPU.Build.0 = Release|Any CPU
		{C8E7DB9F-D5BA-4E51-B35C-C95FF86DB85A}.Debug|Any CPU.ActiveCfg = Debug|Any CPU
		{C8E7DB9F-D5BA-4E51-B35C-C95FF86DB85A}.Debug|Any CPU.Build.0 = Debug|Any CPU
		{C8E7DB9F-D5BA-4E51-B35C-C95FF86DB85A}.Release|Any CPU.ActiveCfg = Release|Any CPU
		{C8E7DB9F-D5BA-4E51-B35C-C95FF86DB85A}.Release|Any CPU.Build.0 = Release|Any CPU
		{06AD23F1-1C1B-4A2F-AB44-3CE94B6041AC}.Debug|Any CPU.ActiveCfg = Debug|Any CPU
		{06AD23F1-1C1B-4A2F-AB44-3CE94B6041AC}.Debug|Any CPU.Build.0 = Debug|Any CPU
		{06AD23F1-1C1B-4A2F-AB44-3CE94B6041AC}.Release|Any CPU.ActiveCfg = Release|Any CPU
		{06AD23F1-1C1B-4A2F-AB44-3CE94B6041AC}.Release|Any CPU.Build.0 = Release|Any CPU
		{C7882B1D-301D-473B-A668-99996C638ADA}.Debug|Any CPU.ActiveCfg = Debug|Any CPU
		{C7882B1D-301D-473B-A668-99996C638ADA}.Debug|Any CPU.Build.0 = Debug|Any CPU
		{C7882B1D-301D-473B-A668-99996C638ADA}.Release|Any CPU.ActiveCfg = Release|Any CPU
		{C7882B1D-301D-473B-A668-99996C638ADA}.Release|Any CPU.Build.0 = Release|Any CPU
		{4A9A6A17-0E9B-4FBC-9ED8-27136A2C32A2}.Debug|Any CPU.ActiveCfg = Debug|Any CPU
		{4A9A6A17-0E9B-4FBC-9ED8-27136A2C32A2}.Debug|Any CPU.Build.0 = Debug|Any CPU
		{4A9A6A17-0E9B-4FBC-9ED8-27136A2C32A2}.Release|Any CPU.ActiveCfg = Release|Any CPU
		{4A9A6A17-0E9B-4FBC-9ED8-27136A2C32A2}.Release|Any CPU.Build.0 = Release|Any CPU
	EndGlobalSection
	GlobalSection(SolutionProperties) = preSolution
		HideSolutionNode = FALSE
	EndGlobalSection
	GlobalSection(ExtensibilityGlobals) = postSolution
		SolutionGuid = {6D3C934F-7FBD-4FD9-9ADC-779A4D705F8D}
	EndGlobalSection
EndGlobal
